# This file is automatically @generated by Cargo.
# It is not intended for manual editing.
version = 3

[[package]]
name = "day5"
version = "0.1.0"
dependencies = [
 "map-macro",
]

[[package]]
name = "map-macro"
version = "0.2.6"
source = "registry+https://github.com/rust-lang/crates.io-index"
checksum = "7c2efbd1385acc8dad8a2e56558e58d949d777741fe110f2ddf3472671dbe3e6"
